
Microsoft Visual Studio Solution File, Format Version 12.00
Project("{2150E333-8FDC-42A3-9474-1A3956D46DE8}") = "SolutionFolder", "SolutionFolder", "{58DD11E1-4401-4D0E-8051-CC51C94897FB}"
	ProjectSection(SolutionItems) = preProject
		README.md = README.md
	EndProjectSection
EndProject
Project("{FAE04EC0-301F-11D3-BF4B-00C04F79EFBC}") = "ActorConsoleDemo", "ActorConsoleDemo\ActorConsoleDemo.csproj", "{EAFAC534-228D-4595-AB8D-52E297A9D9AE}"
EndProject
Project("{FAE04EC0-301F-11D3-BF4B-00C04F79EFBC}") = "ActorWebDemo", "ActorWebDemo\ActorWebDemo.csproj", "{CFA60B26-7C7C-4EB4-9C15-9FE0E78B87B9}"
EndProject
Project("{FAE04EC0-301F-11D3-BF4B-00C04F79EFBC}") = "EventStore", "EventStore\EventStore.csproj", "{27FE89DC-1C0E-4D94-893C-97C4DD1CB3B7}"
EndProject
Project("{FAE04EC0-301F-11D3-BF4B-00C04F79EFBC}") = "ActorLib", "ActorLib\ActorLib.csproj", "{05CFF58A-ED66-48E9-8932-0356123BEB5E}"
EndProject
Project("{FAE04EC0-301F-11D3-BF4B-00C04F79EFBC}") = "MinimalActorLib", "MinimalActorLib\MinimalActorLib.csproj", "{4E64229E-F26F-4932-9E38-7815C6D8D5E6}"
EndProject
Project("{FAE04EC0-301F-11D3-BF4B-00C04F79EFBC}") = "MinimalActorConsoleDemo", "MinimalActorConsoleDemo\MinimalActorConsoleDemo.csproj", "{E1662198-DFCB-43BF-A836-7A3094514DB9}"
EndProject
Global
	GlobalSection(SolutionConfigurationPlatforms) = preSolution
		Debug|Any CPU = Debug|Any CPU
		Release|Any CPU = Release|Any CPU
	EndGlobalSection
	GlobalSection(ProjectConfigurationPlatforms) = postSolution
		{EAFAC534-228D-4595-AB8D-52E297A9D9AE}.Debug|Any CPU.ActiveCfg = Debug|Any CPU
		{EAFAC534-228D-4595-AB8D-52E297A9D9AE}.Debug|Any CPU.Build.0 = Debug|Any CPU
		{EAFAC534-228D-4595-AB8D-52E297A9D9AE}.Release|Any CPU.ActiveCfg = Release|Any CPU
		{EAFAC534-228D-4595-AB8D-52E297A9D9AE}.Release|Any CPU.Build.0 = Release|Any CPU
		{CFA60B26-7C7C-4EB4-9C15-9FE0E78B87B9}.Debug|Any CPU.ActiveCfg = Debug|Any CPU
		{CFA60B26-7C7C-4EB4-9C15-9FE0E78B87B9}.Debug|Any CPU.Build.0 = Debug|Any CPU
		{CFA60B26-7C7C-4EB4-9C15-9FE0E78B87B9}.Release|Any CPU.ActiveCfg = Release|Any CPU
		{CFA60B26-7C7C-4EB4-9C15-9FE0E78B87B9}.Release|Any CPU.Build.0 = Release|Any CPU
		{27FE89DC-1C0E-4D94-893C-97C4DD1CB3B7}.Debug|Any CPU.ActiveCfg = Debug|Any CPU
		{27FE89DC-1C0E-4D94-893C-97C4DD1CB3B7}.Debug|Any CPU.Build.0 = Debug|Any CPU
		{27FE89DC-1C0E-4D94-893C-97C4DD1CB3B7}.Release|Any CPU.ActiveCfg = Release|Any CPU
		{27FE89DC-1C0E-4D94-893C-97C4DD1CB3B7}.Release|Any CPU.Build.0 = Release|Any CPU
		{05CFF58A-ED66-48E9-8932-0356123BEB5E}.Debug|Any CPU.ActiveCfg = Debug|Any CPU
		{05CFF58A-ED66-48E9-8932-0356123BEB5E}.Debug|Any CPU.Build.0 = Debug|Any CPU
		{05CFF58A-ED66-48E9-8932-0356123BEB5E}.Release|Any CPU.ActiveCfg = Release|Any CPU
		{05CFF58A-ED66-48E9-8932-0356123BEB5E}.Release|Any CPU.Build.0 = Release|Any CPU
		{4E64229E-F26F-4932-9E38-7815C6D8D5E6}.Debug|Any CPU.ActiveCfg = Debug|Any CPU
		{4E64229E-F26F-4932-9E38-7815C6D8D5E6}.Debug|Any CPU.Build.0 = Debug|Any CPU
		{4E64229E-F26F-4932-9E38-7815C6D8D5E6}.Release|Any CPU.ActiveCfg = Release|Any CPU
		{4E64229E-F26F-4932-9E38-7815C6D8D5E6}.Release|Any CPU.Build.0 = Release|Any CPU
		{E1662198-DFCB-43BF-A836-7A3094514DB9}.Debug|Any CPU.ActiveCfg = Debug|Any CPU
		{E1662198-DFCB-43BF-A836-7A3094514DB9}.Debug|Any CPU.Build.0 = Debug|Any CPU
		{E1662198-DFCB-43BF-A836-7A3094514DB9}.Release|Any CPU.ActiveCfg = Release|Any CPU
		{E1662198-DFCB-43BF-A836-7A3094514DB9}.Release|Any CPU.Build.0 = Release|Any CPU
	EndGlobalSection
EndGlobal
