
Microsoft Visual Studio Solution File, Format Version 12.00
Project("{FAE04EC0-301F-11D3-BF4B-00C04F79EFBC}") = "ActorDemo", "ActorDemo\ActorDemo.csproj", "{DCD07B22-342F-4F37-8CE8-5FC2A7D8420C}"
EndProject
Project("{2150E333-8FDC-42A3-9474-1A3956D46DE8}") = "SolutionFolder", "SolutionFolder", "{58DD11E1-4401-4D0E-8051-CC51C94897FB}"
	ProjectSection(SolutionItems) = preProject
		README.md = README.md
	EndProjectSection
EndProject
Global
	GlobalSection(SolutionConfigurationPlatforms) = preSolution
		Debug|Any CPU = Debug|Any CPU
		Release|Any CPU = Release|Any CPU
	EndGlobalSection
	GlobalSection(ProjectConfigurationPlatforms) = postSolution
		{DCD07B22-342F-4F37-8CE8-5FC2A7D8420C}.Debug|Any CPU.ActiveCfg = Debug|Any CPU
		{DCD07B22-342F-4F37-8CE8-5FC2A7D8420C}.Debug|Any CPU.Build.0 = Debug|Any CPU
		{DCD07B22-342F-4F37-8CE8-5FC2A7D8420C}.Release|Any CPU.ActiveCfg = Release|Any CPU
		{DCD07B22-342F-4F37-8CE8-5FC2A7D8420C}.Release|Any CPU.Build.0 = Release|Any CPU
	EndGlobalSection
EndGlobal
